// !$*UTF8*$!
{
	archiveVersion = 1;
	classes = {
	};
	objectVersion = 56;
	objects = {

/* Begin PBXBuildFile section */
		576F79D42A959B7C0054AC15 /* CombineModel1.swift in Sources */ = {isa = PBXBuildFile; fileRef = 576F79D32A959B7C0054AC15 /* CombineModel1.swift */; };
		576F79D62A95A7D50054AC15 /* ContentView1(debounce).swift in Sources */ = {isa = PBXBuildFile; fileRef = 576F79D52A95A7D50054AC15 /* ContentView1(debounce).swift */; };
		57E20CC62A95178A0066E5D9 /* Combine_DemoApp.swift in Sources */ = {isa = PBXBuildFile; fileRef = 57E20CC52A95178A0066E5D9 /* Combine_DemoApp.swift */; };
		57E20CC82A95178A0066E5D9 /* ContentView0(CombineLatest).swift in Sources */ = {isa = PBXBuildFile; fileRef = 57E20CC72A95178A0066E5D9 /* ContentView0(CombineLatest).swift */; };
		57E20CCA2A95178B0066E5D9 /* Assets.xcassets in Resources */ = {isa = PBXBuildFile; fileRef = 57E20CC92A95178B0066E5D9 /* Assets.xcassets */; };
		57E20CCD2A95178B0066E5D9 /* Preview Assets.xcassets in Resources */ = {isa = PBXBuildFile; fileRef = 57E20CCC2A95178B0066E5D9 /* Preview Assets.xcassets */; };
		57E20CD42A9517B30066E5D9 /* CombineModel0.swift in Sources */ = {isa = PBXBuildFile; fileRef = 57E20CD32A9517B30066E5D9 /* CombineModel0.swift */; };
		57E20CD62A9520BC0066E5D9 /* AddButtonView.swift in Sources */ = {isa = PBXBuildFile; fileRef = 57E20CD52A9520BC0066E5D9 /* AddButtonView.swift */; };
/* End PBXBuildFile section */

/* Begin PBXFileReference section */
		576F79D32A959B7C0054AC15 /* CombineModel1.swift */ = {isa = PBXFileReference; lastKnownFileType = sourcecode.swift; path = CombineModel1.swift; sourceTree = "<group>"; };
		576F79D52A95A7D50054AC15 /* ContentView1(debounce).swift */ = {isa = PBXFileReference; lastKnownFileType = sourcecode.swift; path = "ContentView1(debounce).swift"; sourceTree = "<group>"; };
		57E20CC22A95178A0066E5D9 /* Combine Demo.app */ = {isa = PBXFileReference; explicitFileType = wrapper.application; includeInIndex = 0; path = "Combine Demo.app"; sourceTree = BUILT_PRODUCTS_DIR; };
		57E20CC52A95178A0066E5D9 /* Combine_DemoApp.swift */ = {isa = PBXFileReference; lastKnownFileType = sourcecode.swift; path = Combine_DemoApp.swift; sourceTree = "<group>"; };
		57E20CC72A95178A0066E5D9 /* ContentView0(CombineLatest).swift */ = {isa = PBXFileReference; lastKnownFileType = sourcecode.swift; path = "ContentView0(CombineLatest).swift"; sourceTree = "<group>"; };
		57E20CC92A95178B0066E5D9 /* Assets.xcassets */ = {isa = PBXFileReference; lastKnownFileType = folder.assetcatalog; path = Assets.xcassets; sourceTree = "<group>"; };
		57E20CCC2A95178B0066E5D9 /* Preview Assets.xcassets */ = {isa = PBXFileReference; lastKnownFileType = folder.assetcatalog; path = "Preview Assets.xcassets"; sourceTree = "<group>"; };
		57E20CD32A9517B30066E5D9 /* CombineModel0.swift */ = {isa = PBXFileReference; lastKnownFileType = sourcecode.swift; path = CombineModel0.swift; sourceTree = "<group>"; };
		57E20CD52A9520BC0066E5D9 /* AddButtonView.swift */ = {isa = PBXFileReference; lastKnownFileType = sourcecode.swift; path = AddButtonView.swift; sourceTree = "<group>"; };
/* End PBXFileReference section */

/* Begin PBXFrameworksBuildPhase section */
		57E20CBF2A95178A0066E5D9 /* Frameworks */ = {
			isa = PBXFrameworksBuildPhase;
			buildActionMask = 2147483647;
			files = (
			);
			runOnlyForDeploymentPostprocessing = 0;
		};
/* End PBXFrameworksBuildPhase section */

/* Begin PBXGroup section */
		576F79D72A95B6EE0054AC15 /* Model */ = {
			isa = PBXGroup;
			children = (
				57E20CD32A9517B30066E5D9 /* CombineModel0.swift */,
				576F79D32A959B7C0054AC15 /* CombineModel1.swift */,
			);
			path = Model;
			sourceTree = "<group>";
		};
		576F79D82A95B6F40054AC15 /* View */ = {
			isa = PBXGroup;
			children = (
				57E20CC72A95178A0066E5D9 /* ContentView0(CombineLatest).swift */,
				576F79D52A95A7D50054AC15 /* ContentView1(debounce).swift */,
			);
			path = View;
			sourceTree = "<group>";
		};
		576F79D92A95B7110054AC15 /* Component */ = {
			isa = PBXGroup;
			children = (
				57E20CD52A9520BC0066E5D9 /* AddButtonView.swift */,
			);
			path = Component;
			sourceTree = "<group>";
		};
		57E20CB92A95178A0066E5D9 = {
			isa = PBXGroup;
			children = (
				57E20CC42A95178A0066E5D9 /* Combine Demo */,
				57E20CC32A95178A0066E5D9 /* Products */,
			);
			sourceTree = "<group>";
		};
		57E20CC32A95178A0066E5D9 /* Products */ = {
			isa = PBXGroup;
			children = (
				57E20CC22A95178A0066E5D9 /* Combine Demo.app */,
			);
			name = Products;
			sourceTree = "<group>";
		};
		57E20CC42A95178A0066E5D9 /* Combine Demo */ = {
			isa = PBXGroup;
			children = (
				57E20CC52A95178A0066E5D9 /* Combine_DemoApp.swift */,
				576F79D82A95B6F40054AC15 /* View */,
				576F79D92A95B7110054AC15 /* Component */,
				576F79D72A95B6EE0054AC15 /* Model */,
				57E20CC92A95178B0066E5D9 /* Assets.xcassets */,
				57E20CCB2A95178B0066E5D9 /* Preview Content */,
			);
			path = "Combine Demo";
			sourceTree = "<group>";
		};
		57E20CCB2A95178B0066E5D9 /* Preview Content */ = {
			isa = PBXGroup;
			children = (
				57E20CCC2A95178B0066E5D9 /* Preview Assets.xcassets */,
			);
			path = "Preview Content";
			sourceTree = "<group>";
		};
/* End PBXGroup section */

/* Begin PBXNativeTarget section */
		57E20CC12A95178A0066E5D9 /* Combine Demo */ = {
			isa = PBXNativeTarget;
			buildConfigurationList = 57E20CD02A95178B0066E5D9 /* Build configuration list for PBXNativeTarget "Combine Demo" */;
			buildPhases = (
				57E20CBE2A95178A0066E5D9 /* Sources */,
				57E20CBF2A95178A0066E5D9 /* Frameworks */,
				57E20CC02A95178A0066E5D9 /* Resources */,
			);
			buildRules = (
			);
			dependencies = (
			);
			name = "Combine Demo";
			productName = "Combine Demo";
			productReference = 57E20CC22A95178A0066E5D9 /* Combine Demo.app */;
			productType = "com.apple.product-type.application";
		};
/* End PBXNativeTarget section */

/* Begin PBXProject section */
		57E20CBA2A95178A0066E5D9 /* Project object */ = {
			isa = PBXProject;
			attributes = {
				BuildIndependentTargetsInParallel = 1;
				LastSwiftUpdateCheck = 1430;
				LastUpgradeCheck = 1430;
				TargetAttributes = {
					57E20CC12A95178A0066E5D9 = {
						CreatedOnToolsVersion = 14.3.1;
					};
				};
			};
			buildConfigurationList = 57E20CBD2A95178A0066E5D9 /* Build configuration list for PBXProject "Combine Demo" */;
			compatibilityVersion = "Xcode 14.0";
			developmentRegion = en;
			hasScannedForEncodings = 0;
			knownRegions = (
				en,
				Base,
			);
			mainGroup = 57E20CB92A95178A0066E5D9;
			productRefGroup = 57E20CC32A95178A0066E5D9 /* Products */;
			projectDirPath = "";
			projectRoot = "";
			targets = (
				57E20CC12A95178A0066E5D9 /* Combine Demo */,
			);
		};
/* End PBXProject section */

/* Begin PBXResourcesBuildPhase section */
		57E20CC02A95178A0066E5D9 /* Resources */ = {
			isa = PBXResourcesBuildPhase;
			buildActionMask = 2147483647;
			files = (
				57E20CCD2A95178B0066E5D9 /* Preview Assets.xcassets in Resources */,
				57E20CCA2A95178B0066E5D9 /* Assets.xcassets in Resources */,
			);
			runOnlyForDeploymentPostprocessing = 0;
		};
/* End PBXResourcesBuildPhase section */

/* Begin PBXSourcesBuildPhase section */
		57E20CBE2A95178A0066E5D9 /* Sources */ = {
			isa = PBXSourcesBuildPhase;
			buildActionMask = 2147483647;
			files = (
				57E20CD42A9517B30066E5D9 /* CombineModel0.swift in Sources */,
				576F79D42A959B7C0054AC15 /* CombineModel1.swift in Sources */,
				57E20CC82A95178A0066E5D9 /* ContentView0(CombineLatest).swift in Sources */,
				57E20CD62A9520BC0066E5D9 /* AddButtonView.swift in Sources */,
				576F79D62A95A7D50054AC15 /* ContentView1(debounce).swift in Sources */,
				57E20CC62A95178A0066E5D9 /* Combine_DemoApp.swift in Sources */,
			);
			runOnlyForDeploymentPostprocessing = 0;
		};
/* End PBXSourcesBuildPhase section */

/* Begin XCBuildConfiguration section */
		57E20CCE2A95178B0066E5D9 /* Debug */ = {
			isa = XCBuildConfiguration;
			buildSettings = {
				ALWAYS_SEARCH_USER_PATHS = NO;
				CLANG_ANALYZER_NONNULL = YES;
				CLANG_ANALYZER_NUMBER_OBJECT_CONVERSION = YES_AGGRESSIVE;
				CLANG_CXX_LANGUAGE_STANDARD = "gnu++20";
				CLANG_ENABLE_MODULES = YES;
				CLANG_ENABLE_OBJC_ARC = YES;
				CLANG_ENABLE_OBJC_WEAK = YES;
				CLANG_WARN_BLOCK_CAPTURE_AUTORELEASING = YES;
				CLANG_WARN_BOOL_CONVERSION = YES;
				CLANG_WARN_COMMA = YES;
				CLANG_WARN_CONSTANT_CONVERSION = YES;
				CLANG_WARN_DEPRECATED_OBJC_IMPLEMENTATIONS = YES;
				CLANG_WARN_DIRECT_OBJC_ISA_USAGE = YES_ERROR;
				CLANG_WARN_DOCUMENTATION_COMMENTS = YES;
				CLANG_WARN_EMPTY_BODY = YES;
				CLANG_WARN_ENUM_CONVERSION = YES;
				CLANG_WARN_INFINITE_RECURSION = YES;
				CLANG_WARN_INT_CONVERSION = YES;
				CLANG_WARN_NON_LITERAL_NULL_CONVERSION = YES;
				CLANG_WARN_OBJC_IMPLICIT_RETAIN_SELF = YES;
				CLANG_WARN_OBJC_LITERAL_CONVERSION = YES;
				CLANG_WARN_OBJC_ROOT_CLASS = YES_ERROR;
				CLANG_WARN_QUOTED_INCLUDE_IN_FRAMEWORK_HEADER = YES;
				CLANG_WARN_RANGE_LOOP_ANALYSIS = YES;
				CLANG_WARN_STRICT_PROTOTYPES = YES;
				CLANG_WARN_SUSPICIOUS_MOVE = YES;
				CLANG_WARN_UNGUARDED_AVAILABILITY = YES_AGGRESSIVE;
				CLANG_WARN_UNREACHABLE_CODE = YES;
				CLANG_WARN__DUPLICATE_METHOD_MATCH = YES;
				COPY_PHASE_STRIP = NO;
				DEBUG_INFORMATION_FORMAT = dwarf;
				ENABLE_STRICT_OBJC_MSGSEND = YES;
				ENABLE_TESTABILITY = YES;
				GCC_C_LANGUAGE_STANDARD = gnu11;
				GCC_DYNAMIC_NO_PIC = NO;
				GCC_NO_COMMON_BLOCKS = YES;
				GCC_OPTIMIZATION_LEVEL = 0;
				GCC_PREPROCESSOR_DEFINITIONS = (
					"DEBUG=1",
					"$(inherited)",
				);
				GCC_WARN_64_TO_32_BIT_CONVERSION = YES;
				GCC_WARN_ABOUT_RETURN_TYPE = YES_ERROR;
				GCC_WARN_UNDECLARED_SELECTOR = YES;
				GCC_WARN_UNINITIALIZED_AUTOS = YES_AGGRESSIVE;
				GCC_WARN_UNUSED_FUNCTION = YES;
				GCC_WARN_UNUSED_VARIABLE = YES;
				IPHONEOS_DEPLOYMENT_TARGET = 16.4;
				MTL_ENABLE_DEBUG_INFO = INCLUDE_SOURCE;
				MTL_FAST_MATH = YES;
				ONLY_ACTIVE_ARCH = YES;
				SDKROOT = iphoneos;
				SWIFT_ACTIVE_COMPILATION_CONDITIONS = DEBUG;
				SWIFT_OPTIMIZATION_LEVEL = "-Onone";
			};
			name = Debug;
		};
		57E20CCF2A95178B0066E5D9 /* Release */ = {
			isa = XCBuildConfiguration;
			buildSettings = {
				ALWAYS_SEARCH_USER_PATHS = NO;
				CLANG_ANALYZER_NONNULL = YES;
				CLANG_ANALYZER_NUMBER_OBJECT_CONVERSION = YES_AGGRESSIVE;
				CLANG_CXX_LANGUAGE_STANDARD = "gnu++20";
				CLANG_ENABLE_MODULES = YES;
				CLANG_ENABLE_OBJC_ARC = YES;
				CLANG_ENABLE_OBJC_WEAK = YES;
				CLANG_WARN_BLOCK_CAPTURE_AUTORELEASING = YES;
				CLANG_WARN_BOOL_CONVERSION = YES;
				CLANG_WARN_COMMA = YES;
				CLANG_WARN_CONSTANT_CONVERSION = YES;
				CLANG_WARN_DEPRECATED_OBJC_IMPLEMENTATIONS = YES;
				CLANG_WARN_DIRECT_OBJC_ISA_USAGE = YES_ERROR;
				CLANG_WARN_DOCUMENTATION_COMMENTS = YES;
				CLANG_WARN_EMPTY_BODY = YES;
				CLANG_WARN_ENUM_CONVERSION = YES;
				CLANG_WARN_INFINITE_RECURSION = YES;
				CLANG_WARN_INT_CONVERSION = YES;
				CLANG_WARN_NON_LITERAL_NULL_CONVERSION = YES;
				CLANG_WARN_OBJC_IMPLICIT_RETAIN_SELF = YES;
				CLANG_WARN_OBJC_LITERAL_CONVERSION = YES;
				CLANG_WARN_OBJC_ROOT_CLASS = YES_ERROR;
				CLANG_WARN_QUOTED_INCLUDE_IN_FRAMEWORK_HEADER = YES;
				CLANG_WARN_RANGE_LOOP_ANALYSIS = YES;
				CLANG_WARN_STRICT_PROTOTYPES = YES;
				CLANG_WARN_SUSPICIOUS_MOVE = YES;
				CLANG_WARN_UNGUARDED_AVAILABILITY = YES_AGGRESSIVE;
				CLANG_WARN_UNREACHABLE_CODE = YES;
				CLANG_WARN__DUPLICATE_METHOD_MATCH = YES;
				COPY_PHASE_STRIP = NO;
				DEBUG_INFORMATION_FORMAT = "dwarf-with-dsym";
				ENABLE_NS_ASSERTIONS = NO;
				ENABLE_STRICT_OBJC_MSGSEND = YES;
				GCC_C_LANGUAGE_STANDARD = gnu11;
				GCC_NO_COMMON_BLOCKS = YES;
				GCC_WARN_64_TO_32_BIT_CONVERSION = YES;
				GCC_WARN_ABOUT_RETURN_TYPE = YES_ERROR;
				GCC_WARN_UNDECLARED_SELECTOR = YES;
				GCC_WARN_UNINITIALIZED_AUTOS = YES_AGGRESSIVE;
				GCC_WARN_UNUSED_FUNCTION = YES;
				GCC_WARN_UNUSED_VARIABLE = YES;
				IPHONEOS_DEPLOYMENT_TARGET = 16.4;
				MTL_ENABLE_DEBUG_INFO = NO;
				MTL_FAST_MATH = YES;
				SDKROOT = iphoneos;
				SWIFT_COMPILATION_MODE = wholemodule;
				SWIFT_OPTIMIZATION_LEVEL = "-O";
				VALIDATE_PRODUCT = YES;
			};
			name = Release;
		};
		57E20CD12A95178B0066E5D9 /* Debug */ = {
			isa = XCBuildConfiguration;
			buildSettings = {
				ASSETCATALOG_COMPILER_APPICON_NAME = AppIcon;
				ASSETCATALOG_COMPILER_GLOBAL_ACCENT_COLOR_NAME = AccentColor;
				CODE_SIGN_STYLE = Automatic;
				CURRENT_PROJECT_VERSION = 1;
				DEVELOPMENT_ASSET_PATHS = "\"Combine Demo/Preview Content\"";
				DEVELOPMENT_TEAM = NM2S86642U;
				ENABLE_PREVIEWS = YES;
				GENERATE_INFOPLIST_FILE = YES;
				INFOPLIST_KEY_UIApplicationSceneManifest_Generation = YES;
				INFOPLIST_KEY_UIApplicationSupportsIndirectInputEvents = YES;
				INFOPLIST_KEY_UILaunchScreen_Generation = YES;
				INFOPLIST_KEY_UISupportedInterfaceOrientations_iPad = "UIInterfaceOrientationPortrait UIInterfaceOrientationPortraitUpsideDown UIInterfaceOrientationLandscapeLeft UIInterfaceOrientationLandscapeRight";
				INFOPLIST_KEY_UISupportedInterfaceOrientations_iPhone = "UIInterfaceOrientationPortrait UIInterfaceOrientationLandscapeLeft UIInterfaceOrientationLandscapeRight";
				LD_RUNPATH_SEARCH_PATHS = (
					"$(inherited)",
					"@executable_path/Frameworks",
				);
				MARKETING_VERSION = 1.0;
				PRODUCT_BUNDLE_IDENTIFIER = "com.wonil-or-not.Combine-Demo";
				PRODUCT_NAME = "$(TARGET_NAME)";
				SWIFT_EMIT_LOC_STRINGS = YES;
				SWIFT_VERSION = 5.0;
				TARGETED_DEVICE_FAMILY = "1,2";
			};
			name = Debug;
		};
		57E20CD22A95178B0066E5D9 /* Release */ = {
			isa = XCBuildConfiguration;
			buildSettings = {
				ASSETCATALOG_COMPILER_APPICON_NAME = AppIcon;
				ASSETCATALOG_COMPILER_GLOBAL_ACCENT_COLOR_NAME = AccentColor;
				CODE_SIGN_STYLE = Automatic;
				CURRENT_PROJECT_VERSION = 1;
				DEVELOPMENT_ASSET_PATHS = "\"Combine Demo/Preview Content\"";
				DEVELOPMENT_TEAM = NM2S86642U;
				ENABLE_PREVIEWS = YES;
				GENERATE_INFOPLIST_FILE = YES;
				INFOPLIST_KEY_UIApplicationSceneManifest_Generation = YES;
				INFOPLIST_KEY_UIApplicationSupportsIndirectInputEvents = YES;
				INFOPLIST_KEY_UILaunchScreen_Generation = YES;
				INFOPLIST_KEY_UISupportedInterfaceOrientations_iPad = "UIInterfaceOrientationPortrait UIInterfaceOrientationPortraitUpsideDown UIInterfaceOrientationLandscapeLeft UIInterfaceOrientationLandscapeRight";
				INFOPLIST_KEY_UISupportedInterfaceOrientations_iPhone = "UIInterfaceOrientationPortrait UIInterfaceOrientationLandscapeLeft UIInterfaceOrientationLandscapeRight";
				LD_RUNPATH_SEARCH_PATHS = (
					"$(inherited)",
					"@executable_path/Frameworks",
				);
				MARKETING_VERSION = 1.0;
				PRODUCT_BUNDLE_IDENTIFIER = "com.wonil-or-not.Combine-Demo";
				PRODUCT_NAME = "$(TARGET_NAME)";
				SWIFT_EMIT_LOC_STRINGS = YES;
				SWIFT_VERSION = 5.0;
				TARGETED_DEVICE_FAMILY = "1,2";
			};
			name = Release;
		};
/* End XCBuildConfiguration section */

/* Begin XCConfigurationList section */
		57E20CBD2A95178A0066E5D9 /* Build configuration list for PBXProject "Combine Demo" */ = {
			isa = XCConfigurationList;
			buildConfigurations = (
				57E20CCE2A95178B0066E5D9 /* Debug */,
				57E20CCF2A95178B0066E5D9 /* Release */,
			);
			defaultConfigurationIsVisible = 0;
			defaultConfigurationName = Release;
		};
		57E20CD02A95178B0066E5D9 /* Build configuration list for PBXNativeTarget "Combine Demo" */ = {
			isa = XCConfigurationList;
			buildConfigurations = (
				57E20CD12A95178B0066E5D9 /* Debug */,
				57E20CD22A95178B0066E5D9 /* Release */,
			);
			defaultConfigurationIsVisible = 0;
			defaultConfigurationName = Release;
		};
/* End XCConfigurationList section */
	};
	rootObject = 57E20CBA2A95178A0066E5D9 /* Project object */;
}
